
Microsoft Visual Studio Solution File, Format Version 12.00
# Visual Studio 15
VisualStudioVersion = 15.0.27428.2037
MinimumVisualStudioVersion = 10.0.40219.1
Project("{FAE04EC0-301F-11D3-BF4B-00C04F79EFBC}") = "QM.Server", "QM.Server\QM.Server.csproj", "{F7EAA803-1CF8-40D3-B731-32B8CF1E6A76}"
EndProject
Project("{FAE04EC0-301F-11D3-BF4B-00C04F79EFBC}") = "QM.Server.Api", "QM.Server.Api\QM.Server.Api.csproj", "{6142E361-17E9-4407-9D39-8DA586643DB2}"
EndProject
Project("{FAE04EC0-301F-11D3-BF4B-00C04F79EFBC}") = "QM.Server.Api.Entity", "QM.Server.Api.Entity\QM.Server.Api.Entity.csproj", "{27EFE86C-0689-4451-B970-F9EC4AB2AD2A}"
EndProject
Project("{FAE04EC0-301F-11D3-BF4B-00C04F79EFBC}") = "QM.Server.TestJob", "QM.Server.TestJob\QM.Server.TestJob.csproj", "{71557D27-E445-4E67-BD51-5F6659BDDE74}"
EndProject
Project("{FAE04EC0-301F-11D3-BF4B-00C04F79EFBC}") = "QM.Server.Common", "QM.Server.Common\QM.Server.Common.csproj", "{9E06E030-32C0-4A9C-89E1-7C5EFFAEC435}"
EndProject
Global
	GlobalSection(SolutionConfigurationPlatforms) = preSolution
		Debug|Any CPU = Debug|Any CPU
		Release|Any CPU = Release|Any CPU
	EndGlobalSection
	GlobalSection(ProjectConfigurationPlatforms) = postSolution
		{F7EAA803-1CF8-40D3-B731-32B8CF1E6A76}.Debug|Any CPU.ActiveCfg = Debug|Any CPU
		{F7EAA803-1CF8-40D3-B731-32B8CF1E6A76}.Debug|Any CPU.Build.0 = Debug|Any CPU
		{F7EAA803-1CF8-40D3-B731-32B8CF1E6A76}.Release|Any CPU.ActiveCfg = Release|Any CPU
		{F7EAA803-1CF8-40D3-B731-32B8CF1E6A76}.Release|Any CPU.Build.0 = Release|Any CPU
		{6142E361-17E9-4407-9D39-8DA586643DB2}.Debug|Any CPU.ActiveCfg = Debug|Any CPU
		{6142E361-17E9-4407-9D39-8DA586643DB2}.Debug|Any CPU.Build.0 = Debug|Any CPU
		{6142E361-17E9-4407-9D39-8DA586643DB2}.Release|Any CPU.ActiveCfg = Release|Any CPU
		{6142E361-17E9-4407-9D39-8DA586643DB2}.Release|Any CPU.Build.0 = Release|Any CPU
		{27EFE86C-0689-4451-B970-F9EC4AB2AD2A}.Debug|Any CPU.ActiveCfg = Debug|Any CPU
		{27EFE86C-0689-4451-B970-F9EC4AB2AD2A}.Debug|Any CPU.Build.0 = Debug|Any CPU
		{27EFE86C-0689-4451-B970-F9EC4AB2AD2A}.Release|Any CPU.ActiveCfg = Release|Any CPU
		{27EFE86C-0689-4451-B970-F9EC4AB2AD2A}.Release|Any CPU.Build.0 = Release|Any CPU
		{71557D27-E445-4E67-BD51-5F6659BDDE74}.Debug|Any CPU.ActiveCfg = Debug|Any CPU
		{71557D27-E445-4E67-BD51-5F6659BDDE74}.Debug|Any CPU.Build.0 = Debug|Any CPU
		{71557D27-E445-4E67-BD51-5F6659BDDE74}.Release|Any CPU.ActiveCfg = Release|Any CPU
		{71557D27-E445-4E67-BD51-5F6659BDDE74}.Release|Any CPU.Build.0 = Release|Any CPU
		{9E06E030-32C0-4A9C-89E1-7C5EFFAEC435}.Debug|Any CPU.ActiveCfg = Debug|Any CPU
		{9E06E030-32C0-4A9C-89E1-7C5EFFAEC435}.Debug|Any CPU.Build.0 = Debug|Any CPU
		{9E06E030-32C0-4A9C-89E1-7C5EFFAEC435}.Release|Any CPU.ActiveCfg = Release|Any CPU
		{9E06E030-32C0-4A9C-89E1-7C5EFFAEC435}.Release|Any CPU.Build.0 = Release|Any CPU
	EndGlobalSection
	GlobalSection(SolutionProperties) = preSolution
		HideSolutionNode = FALSE
	EndGlobalSection
	GlobalSection(ExtensibilityGlobals) = postSolution
		SolutionGuid = {E37F61A8-4737-431F-A179-4CDB5E9AE644}
	EndGlobalSection
EndGlobal
